
Microsoft Visual Studio Solution File, Format Version 12.00
# Visual Studio Version 16
VisualStudioVersion = 16.0.31613.86
MinimumVisualStudioVersion = 10.0.40219.1
Project("{8BC9CEB8-8B4A-11D0-8D11-00A0C91BC942}") = "WaveGenerator", "WaveGenerator.vcxproj", "{1EC005F0-E597-4FB7-8FE9-334E44DE5239}"
EndProject
Global
	GlobalSection(SolutionConfigurationPlatforms) = preSolution
		Debug|x64 = Debug|x64
		Debug|x86 = Debug|x86
		Release|x64 = Release|x64
		Release|x86 = Release|x86
	EndGlobalSection
	GlobalSection(ProjectConfigurationPlatforms) = postSolution
		{1EC005F0-E597-4FB7-8FE9-334E44DE5239}.Debug|x64.ActiveCfg = Debug|x64
		{1EC005F0-E597-4FB7-8FE9-334E44DE5239}.Debug|x64.Build.0 = Debug|x64
		{1EC005F0-E597-4FB7-8FE9-334E44DE5239}.Debug|x86.ActiveCfg = Debug|Win32
		{1EC005F0-E597-4FB7-8FE9-334E44DE5239}.Debug|x86.Build.0 = Debug|Win32
		{1EC005F0-E597-4FB7-8FE9-334E44DE5239}.Release|x64.ActiveCfg = Release|x64
		{1EC005F0-E597-4FB7-8FE9-334E44DE5239}.Release|x64.Build.0 = Release|x64
		{1EC005F0-E597-4FB7-8FE9-334E44DE5239}.Release|x86.ActiveCfg = Release|Win32
		{1EC005F0-E597-4FB7-8FE9-334E44DE5239}.Release|x86.Build.0 = Release|Win32
	EndGlobalSection
	GlobalSection(SolutionProperties) = preSolution
		HideSolutionNode = FALSE
	EndGlobalSection
	GlobalSection(ExtensibilityGlobals) = postSolution
		SolutionGuid = {CDEBA0E9-CAE3-40E3-A85F-A40C992F94C7}
	EndGlobalSection
EndGlobal
